
Microsoft Visual Studio Solution File, Format Version 12.00
# Visual Studio Version 17
VisualStudioVersion = 17.3.32922.545
MinimumVisualStudioVersion = 10.0.40219.1
Project("{FAE04EC0-301F-11D3-BF4B-00C04F79EFBC}") = "eTickets", "eTickets\eTickets.csproj", "{27B455A8-D376-40DE-A635-D010BFA1CF55}"
EndProject
Global
	GlobalSection(SolutionConfigurationPlatforms) = preSolution
		Debug|Any CPU = Debug|Any CPU
		Release|Any CPU = Release|Any CPU
	EndGlobalSection
	GlobalSection(ProjectConfigurationPlatforms) = postSolution
		{27B455A8-D376-40DE-A635-D010BFA1CF55}.Debug|Any CPU.ActiveCfg = Debug|Any CPU
		{27B455A8-D376-40DE-A635-D010BFA1CF55}.Debug|Any CPU.Build.0 = Debug|Any CPU
		{27B455A8-D376-40DE-A635-D010BFA1CF55}.Release|Any CPU.ActiveCfg = Release|Any CPU
		{27B455A8-D376-40DE-A635-D010BFA1CF55}.Release|Any CPU.Build.0 = Release|Any CPU
	EndGlobalSection
	GlobalSection(SolutionProperties) = preSolution
		HideSolutionNode = FALSE
	EndGlobalSection
	GlobalSection(ExtensibilityGlobals) = postSolution
		SolutionGuid = {4895DDD1-FBB4-45E9-AF67-E55C2CAA43B2}
	EndGlobalSection
EndGlobal
